
Microsoft Visual Studio Solution File, Format Version 12.00
# Visual Studio Version 16
VisualStudioVersion = 16.0.29709.97
MinimumVisualStudioVersion = 10.0.40219.1
Project("{FAE04EC0-301F-11D3-BF4B-00C04F79EFBC}") = "TAVSS.GateWays", "TAVSS.GateWays\TAVSS.GateWays.csproj", "{FD611A6E-015A-4C2B-910B-1953BAA53E1A}"
EndProject
Global
	GlobalSection(SolutionConfigurationPlatforms) = preSolution
		Debug|Any CPU = Debug|Any CPU
		Release|Any CPU = Release|Any CPU
	EndGlobalSection
	GlobalSection(ProjectConfigurationPlatforms) = postSolution
		{FD611A6E-015A-4C2B-910B-1953BAA53E1A}.Debug|Any CPU.ActiveCfg = Debug|Any CPU
		{FD611A6E-015A-4C2B-910B-1953BAA53E1A}.Debug|Any CPU.Build.0 = Debug|Any CPU
		{FD611A6E-015A-4C2B-910B-1953BAA53E1A}.Release|Any CPU.ActiveCfg = Release|Any CPU
		{FD611A6E-015A-4C2B-910B-1953BAA53E1A}.Release|Any CPU.Build.0 = Release|Any CPU
	EndGlobalSection
	GlobalSection(SolutionProperties) = preSolution
		HideSolutionNode = FALSE
	EndGlobalSection
	GlobalSection(ExtensibilityGlobals) = postSolution
		SolutionGuid = {D4834DB2-9525-4BD7-8C07-2C37449E0B4C}
	EndGlobalSection
EndGlobal
